github.com/Masterminds/semver/v3 v3.4.0 h1:Zog+i5UMtVoCU8oKka5P7i9q9HgrJeGzI9SA1Xbatp0=
github.com/Masterminds/semver/v3 v3.4.0/go.mod h1:4V+yj/TJE1HU9XfppCwVMZq3I84lprf4nC11bSS5beM=
github.com/aws/aws-sdk-go-v2 v1.41.11 h1:9PRf7jyTMEUM6fuNRAJa2mO/skJfrF50rENJwf2LXqw=
github.com/aws/aws-sdk-go-v2 v1.41.11/go.mod h1:iiUX27gOXRuYaoeUVXhUpPwjJHzISfPAjjcuhUbLSVs=
github.com/aws/aws-sdk-go-v2/aws/protocol/eventstream v1.7.12 h1:oRtsqWgxbpeXrOlxOoQStx2M9WNbIkPq4C4Xn1or6bc=
github.com/aws/aws-sdk-go-v2/aws/protocol/eventstream v1.7.12/go.mod h1:Zg0Oe9qT+9wcezlm1a64wGJp2qZdRElVxo/seJf7jYU=
github.com/aws/aws-sdk-go-v2/config v1.32.22 h1:Vfvp7+fYKsVCADcWOEllqEV47aIBXhNchvyDFu1B5fY=
github.com/aws/aws-sdk-go-v2/config v1.32.22/go.mod h1:0+H+0nPKbvWltf5vSIGkApv+hGbaQ4FfwTjGIYQREcw=
github.com/aws/aws-sdk-go-v2/credentials v1.19.21 h1:0+HscFXtNa4+3buV4IlG6v5lnOdzi5TrpicFGjKHgh4=
github.com/aws/aws-sdk-go-v2/credentials v1.19.21/go.mod h1:UE8+9t5zudFwu5k5ShC1PKArVEdOkQQdCXIHQAVNUcU=
github.com/aws/aws-sdk-go-v2/feature/dsql/auth v1.1.27 h1:7XxAVH7W3lNK3zOso85wpGPO2KYeibMwj9XfIxaEPRA=
github.com/aws/aws-sdk-go-v2/feature/dsql/auth v1.1.27/go.mod h1:wyw5pKnakB8UnBE7t5P++VWUyUD3bu97nuQV6mtp2WI=
github.com/aws/aws-sdk-go-v2/feature/dynamodb/attributevalue v1.20.37 h1:5jh3kI8vDKuAcNa87z3eytYvBCE4Tyk2S8vjdcLoMek=
github.com/aws/aws-sdk-go-v2/feature/dynamodb/attributevalue v1.20.37/go.mod h1:Q1MNQdT5LEs31od7h6zHZF2a6jjl+oI6/kBH3QYipoY=
github.com/aws/aws-sdk-go-v2/feature/ec2/imds v1.18.27 h1:BEfN1sjtiKEdikRDxYkjZNE4tyvw/YbGWCbl3xDZgRw=
github.com/aws/aws-sdk-go-v2/feature/ec2/imds v1.18.27/go.mod h1:ISGSFNbOHRS+JV/17yStzRTPBUHHqF92kCpRLLyH3Nk=
github.com/aws/aws-sdk-go-v2/feature/rds/auth v1.6.27 h1:PqiBm5p9kKKx91HEgbVupB5LUxCPLk9K4T+TZRoaou8=
github.com/aws/aws-sdk-go-v2/feature/rds/auth v1.6.27/go.mod h1:N2OuvUyuS4wK3S9VPz8GBZ3Fnl+avKrBrlH27g3gHfE=
github.com/aws/aws-sdk-go-v2/internal/configsources v1.4.27 h1:8sPbKi1/KRHwl5oR3qN9mUXestCeHuaRutxylnr/eVY=
github.com/aws/aws-sdk-go-v2/internal/configsources v1.4.27/go.mod h1:QV9IVIopJ1dpQUno0f9VYDUwOEjj8u0iEJ4JiZVre3Y=
github.com/aws/aws-sdk-go-v2/internal/endpoints/v2 v2.7.27 h1:9d8AoASQY9UwrOSmiJ7uSM0MGUPFhnenwSvpaFfat2c=
github.com/aws/aws-sdk-go-v2/internal/endpoints/v2 v2.7.27/go.mod h1:x0rldpsnUQaQIs4Rh+Vwm9Z/0vI6BxadGtsgJfZFb8s=
github.com/aws/aws-sdk-go-v2/internal/v4a v1.4.28 h1:eaS9vwQ5ym4Y9S6+G/K3d3lgZhxs9Sldcn/YS7cmdKY=
github.com/aws/aws-sdk-go-v2/internal/v4a v1.4.28/go.mod h1:oTdbDr+BMs7gAYrNpD0LDTyqQfv6yOYgTDv46+xbwFY=
github.com/aws/aws-sdk-go-v2/service/dynamodb v1.57.8 h1:xM9A74gfqalNsSA7n703Ci2MjlFb0SGbBh6XPqLTcFM=
github.com/aws/aws-sdk-go-v2/service/dynamodb v1.57.8/go.mod h1:qocgqDspSvJmbz213f8tQfU1+F8LJtjmToLuUWeB5eg=
github.com/aws/aws-sdk-go-v2/service/dynamodbstreams v1.32.14 h1:Cnlebj/RmCf/4O3q4suVLLB/SBhbQf4zCQre6Dav+4E=
github.com/aws/aws-sdk-go-v2/service/dynamodbstreams v1.32.14/go.mod h1:lB9U9zBLviMTUHcHaaJ/vDBkRpHxV5775VJcdnm1DFk=
github.com/aws/aws-sdk-go-v2/service/internal/accept-encoding v1.13.11 h1:rFSsqDfCMPAmG70JOsYqFZCHXkyatoGa1K4YEt/BggQ=
github.com/aws/aws-sdk-go-v2/service/internal/accept-encoding v1.13.11/go.mod h1:XG68qW+YLLFH0vnSDCou43Cgj5TeAG83O5NRSJgt04Y=
github.com/aws/aws-sdk-go-v2/service/internal/checksum v1.9.20 h1:yt2fjgev3Hqm33zPw0ZWtki3sZ0SLcr+PkuvXDAAf/8=
github.com/aws/aws-sdk-go-v2/service/internal/checksum v1.9.20/go.mod h1:wnPjCjPJ6x5GBhrER8f0QakaQ2LokfhCVYxmAZBpPjY=
github.com/aws/aws-sdk-go-v2/service/internal/endpoint-discovery v1.12.4 h1:WE4EUIlsADmJdGeROTJF0/czwLBEVdwKG4QbV+L/orE=
github.com/aws/aws-sdk-go-v2/service/internal/endpoint-discovery v1.12.4/go.mod h1:KPRFlg+Wd/gmbFRT6Xma4LFZ/QXKJFG7tng7fCwH2js=
github.com/aws/aws-sdk-go-v2/service/internal/presigned-url v1.13.27 h1:2/pUo42hhVmQcM21ttZoBOLHQymyUH8qEnZGTIuGBT8=
github.com/aws/aws-sdk-go-v2/service/internal/presigned-url v1.13.27/go.mod h1:p7hwgbwompjCRNTdB3ytlldddNt1rDBgVVMqWEVG1II=
github.com/aws/aws-sdk-go-v2/service/internal/s3shared v1.19.27 h1:JEXSW4wztrl1MoL5EMvJMO7lc/TRZloztrJKNl96SW8=
github.com/aws/aws-sdk-go-v2/service/internal/s3shared v1.19.27/go.mod h1:8eL+YgEqy6IYqjwW6PG0Ubn59a2xtCzbz7Pi18JBu04=
github.com/aws/aws-sdk-go-v2/service/s3 v1.103.1 h1:WkX5IXwcxgO/WPTvhEqoSW2L1GB1OyIxk0vuzzdTftc=
github.com/aws/aws-sdk-go-v2/service/s3 v1.103.1/go.mod h1:9Q9ZHyiTItraw8BXpO48pk398Mou0YCSI+xvFcaGgxU=
github.com/aws/aws-sdk-go-v2/service/signin v1.1.3 h1:t6U7sowMfOjTeZXtDOtgEJXsoJyX4MDag+sfWGwUM9M=
github.com/aws/aws-sdk-go-v2/service/signin v1.1.3/go.mod h1:WhO1EH3phjFWValQDsExaxncgEWJsHeoTvuyQAj3jwU=
github.com/aws/aws-sdk-go-v2/service/sso v1.31.1 h1:TUV8oytPCX1PfVgZn0N8/sPZx7T0YasaMCBHox1erlw=
github.com/aws/aws-sdk-go-v2/service/sso v1.31.1/go.mod h1:tEL1hqCrkgwrDVL04HuLxz1SLUXdh+4kKhWv1pXKeiY=
github.com/aws/aws-sdk-go-v2/service/ssooidc v1.36.4 h1:p9+Fizo2sUB6wI5Yb3K5lmykQAGs5JrKLBV/me6613Y=
github.com/aws/aws-sdk-go-v2/service/ssooidc v1.36.4/go.mod h1:0x10Wy0dVS4Gn552xhHY5th2QdYpfJf44EsfyYGV194=
github.com/aws/aws-sdk-go-v2/service/sts v1.43.1 h1:r/vUkpLilfCA3sxbRnkHbJejaoVHEdj4FEhv+Zva4DU=
github.com/aws/aws-sdk-go-v2/service/sts v1.43.1/go.mod h1:t01JURC8Fe5M+7R1K0vzIZ2NT04HqvZR+FjlHrHDT2A=
github.com/aws/smithy-go v1.27.0 h1:ZoFioDKJxkSIW2otF9T0aPtNlUwhdVCcuZh/rzH9Hus=
github.com/aws/smithy-go v1.27.0/go.mod h1:YE2RhdIuDbA5E5bTdciG9KrW3+TiEONeUWCqxX9i1Fc=
github.com/cenkalti/backoff/v4 v4.3.0 h1:MyRJ/UdXutAwSAT+s3wNd7MfTIcy71VQueUuFK343L8=
github.com/cenkalti/backoff/v4 v4.3.0/go.mod h1:Y3VNntkOUPxTVeUxJ/G5vcM//AlwfmyYozVcomhLiZE=
github.com/cespare/xxhash/v2 v2.3.0 h1:UL815xU9SqsFlibzuggzjXhog7bL6oX9BbNZnL2UFvs=
github.com/cespare/xxhash/v2 v2.3.0/go.mod h1:VGX0DQ3Q6kWi7AoAeZDth3/j3BFtOZR5XLFGgcrjCOs=
github.com/davecgh/go-spew v1.1.0/go.mod h1:J7Y8YcW2NihsgmVo/mv3lAwl/skON4iLHjSsI+c5H38=
github.com/davecgh/go-spew v1.1.1 h1:vj9j/u1bqnvCEfJOwUhtlOARqs3+rkHYY13jYWTU97c=
github.com/davecgh/go-spew v1.1.1/go.mod h1:J7Y8YcW2NihsgmVo/mv3lAwl/skON4iLHjSsI+c5H38=
github.com/dgraph-io/ristretto/v2 v2.4.0 h1:I/w09yLjhdcVD2QV192UJcq8dPBaAJb9pOuMyNy0XlU=
github.com/dgraph-io/ristretto/v2 v2.4.0/go.mod h1:0KsrXtXvnv0EqnzyowllbVJB8yBonswa2lTCK2gGo9E=
github.com/dgryski/go-farm v0.0.0-20240924180020-3414d57e47da h1:aIftn67I1fkbMa512G+w+Pxci9hJPB8oMnkcP3iZF38=
github.com/dgryski/go-farm v0.0.0-20240924180020-3414d57e47da/go.mod h1:SqUrOPUnsFjfmXRMNPybcSiG0BgUW2AuFH8PAnS2iTw=
github.com/dustin/go-humanize v1.0.1 h1:GzkhY7T5VNhEkwH0PVJgjz+fX1rhBrR7pRT3mDkpeCY=
github.com/dustin/go-humanize v1.0.1/go.mod h1:Mu1zIs6XwVuF/gI1OepvI0qD18qycQx+mFykh5fBlto=
github.com/gkampitakis/ciinfo v0.3.2 h1:JcuOPk8ZU7nZQjdUhctuhQofk7BGHuIy0c9Ez8BNhXs=
github.com/gkampitakis/ciinfo v0.3.2/go.mod h1:1NIwaOcFChN4fa/B0hEBdAb6npDlFL8Bwx4dfRLRqAo=
github.com/gkampitakis/go-diff v1.3.2 h1:Qyn0J9XJSDTgnsgHRdz9Zp24RaJeKMUHg2+PDZZdC4M=
github.com/gkampitakis/go-diff v1.3.2/go.mod h1:LLgOrpqleQe26cte8s36HTWcTmMEur6OPYerdAAS9tk=
github.com/gkampitakis/go-snaps v0.5.15 h1:amyJrvM1D33cPHwVrjo9jQxX8g/7E2wYdZ+01KS3zGE=
github.com/gkampitakis/go-snaps v0.5.15/go.mod h1:HNpx/9GoKisdhw9AFOBT1N7DBs9DiHo/hGheFGBZ+mc=
github.com/go-logr/logr v1.4.3 h1:CjnDlHq8ikf6E492q6eKboGOC0T8CDaOvkHCIg8idEI=
github.com/go-logr/logr v1.4.3/go.mod h1:9T104GzyrTigFIr8wt5mBrctHMim0Nb2HLGrmQ40KvY=
github.com/go-task/slim-sprig/v3 v3.0.0 h1:sUs3vkvUymDpBKi3qH1YSqBQk9+9D/8M2mN1vB6EwHI=
github.com/go-task/slim-sprig/v3 v3.0.0/go.mod h1:W848ghGpv3Qj3dhTPRyJypKRiqCdHZiAzKg9hl15HA8=
github.com/goccy/go-yaml v1.18.0 h1:8W7wMFS12Pcas7KU+VVkaiCng+kG8QiFeFwzFb+rwuw=
github.com/goccy/go-yaml v1.18.0/go.mod h1:XBurs7gK8ATbW4ZPGKgcbrY1Br56PdM69F7LkFRi1kA=
github.com/google/go-cmp v0.7.0 h1:wk8382ETsv4JYUZwIsn6YpYiWiBsYLSJiTsyBybVuN8=
github.com/google/go-cmp v0.7.0/go.mod h1:pXiqmnSA92OHEEa9HXL2W4E7lf9JzCmGVUdgjX3N/iU=
github.com/google/pprof v0.0.0-20260402051712-545e8a4df936 h1:EwtI+Al+DeppwYX2oXJCETMO23COyaKGP6fHVpkpWpg=
github.com/google/pprof v0.0.0-20260402051712-545e8a4df936/go.mod h1:MxpfABSjhmINe3F1It9d+8exIHFvUqtLIRCdOGNXqiI=
github.com/guregu/dynamo/v2 v2.6.0 h1:2ztf2FIhabgpcZ/xmzapS3m0LBnRVy2FGAAMqOeaUuw=
github.com/guregu/dynamo/v2 v2.6.0/go.mod h1:MCrNmz+QTTyz8Thlt1PmAqveSmQ11IGiie/uGFEflcg=
github.com/jackc/pgpassfile v1.0.0 h1:/6Hmqy13Ss2zCq62VdNG8tM1wchn8zjSGOBJ6icpsIM=
github.com/jackc/pgpassfile v1.0.0/go.mod h1:CEx0iS5ambNFdcRtxPj5JhEz+xB6uRky5eyVu/W2HEg=
github.com/jackc/pgservicefile v0.0.0-20240606120523-5a60cdf6a761 h1:iCEnooe7UlwOQYpKFhBabPMi4aNAfoODPEFNiAnClxo=
github.com/jackc/pgservicefile v0.0.0-20240606120523-5a60cdf6a761/go.mod h1:5TJZWKEWniPve33vlWYSoGYefn3gLQRzjfDlhSJ9ZKM=
github.com/jackc/pgx/v5 v5.10.0 h1:VhSvgU2jSli8o3AqIEOTJr7rZwAEUVo4E4XhR94Zfr0=
github.com/jackc/pgx/v5 v5.10.0/go.mod h1:mal1tBGAFfLHvZzaYh77YS/eC6IX9OWbRV1QIIM0Jn4=
github.com/jackc/puddle/v2 v2.2.2 h1:PR8nw+E/1w0GLuRFSmiioY6UooMp6KJv0/61nB7icHo=
github.com/jackc/puddle/v2 v2.2.2/go.mod h1:vriiEXHvEE654aYKXXjOvZM39qJ0q+azkZFrfEOc3H4=
github.com/joshdk/go-junit v1.0.0 h1:S86cUKIdwBHWwA6xCmFlf3RTLfVXYQfvanM5Uh+K6GE=
github.com/joshdk/go-junit v1.0.0/go.mod h1:TiiV0PqkaNfFXjEiyjWM3XXrhVyCa1K4Zfga6W52ung=
github.com/kr/pretty v0.3.1 h1:flRD4NNwYAUpkphVc1HcthR4KEIFJ65n8Mw5qdRn3LE=
github.com/kr/pretty v0.3.1/go.mod h1:hoEshYVHaxMs3cyo3Yncou5ZscifuDolrwPKZanG3xk=
github.com/kr/text v0.2.0 h1:5Nx0Ya0ZqY2ygV366QzturHI13Jq95ApcVaJBhpS+AY=
github.com/kr/text v0.2.0/go.mod h1:eLer722TekiGuMkidMxC/pM04lWEeraHUUmBw8l2grE=
github.com/maruel/natural v1.1.1 h1:Hja7XhhmvEFhcByqDoHz9QZbkWey+COd9xWfCfn1ioo=
github.com/maruel/natural v1.1.1/go.mod h1:v+Rfd79xlw1AgVBjbO0BEQmptqb5HvL/k9GRHB7ZKEg=
github.com/mfridman/tparse v0.18.0 h1:wh6dzOKaIwkUGyKgOntDW4liXSo37qg5AXbIhkMV3vE=
github.com/mfridman/tparse v0.18.0/go.mod h1:gEvqZTuCgEhPbYk/2lS3Kcxg1GmTxxU7kTC8DvP0i/A=
github.com/mitchellh/hashstructure/v2 v2.0.2 h1:vGKWl0YJqUNxE8d+h8f6NJLcCJrgbhC4NcD46KavDd4=
github.com/mitchellh/hashstructure/v2 v2.0.2/go.mod h1:MG3aRVU/N29oo/V/IhBX8GR/zz4kQkprJgF2EVszyDE=
github.com/onsi/ginkgo/v2 v2.29.0 h1:rfh+ZFjgJhYWRoIqVf3Uwx/W20yLrcrE2h2GmYVRaag=
github.com/onsi/ginkgo/v2 v2.29.0/go.mod h1:+aXOY+vzZ5mu2iI2HpTZUPmM//oQfsNFX6gU9kNcA44=
github.com/onsi/gomega v1.41.0 h1:OwKp4pXNgVxf6sCplzYo794OFNuoL2q2SBMU5NSWOjA=
github.com/onsi/gomega v1.41.0/go.mod h1:M/Uqpu/8qTjtzCLUA2zJHX9Iilrau25x1PdoSRbWh5A=
github.com/pgx-contrib/pgxcache v0.0.0-20260410020444-2c456fcd21ee h1:8LgJ0GLrQ+1Z25fPD5erRmomzkotxS4P1fcEBIZy7gQ=
github.com/pgx-contrib/pgxcache v0.0.0-20260410020444-2c456fcd21ee/go.mod h1:7Ag8q8XluCkkUD6db8XGOFkz6qSBJpZ4rwgInGR+oqM=
github.com/pmezard/go-difflib v1.0.0 h1:4DBwDE0NGyQoBHbLQYPwSUPoCMWR5BEzIk/f1lZbAQM=
github.com/pmezard/go-difflib v1.0.0/go.mod h1:iKH77koFhYxTK1pcRnkKkqfTogsbg7gZNVY4sRDYZ/4=
github.com/rogpeppe/go-internal v1.13.1 h1:KvO1DLK/DRN07sQ1LQKScxyZJuNnedQ5/wKSR38lUII=
github.com/rogpeppe/go-internal v1.13.1/go.mod h1:uMEvuHeurkdAXX61udpOXGD/AzZDWNMNyH2VO9fmH0o=
github.com/stretchr/objx v0.1.0/go.mod h1:HFkY916IF+rwdDfMAkV7OtwuqBVzrE8GR6GFx+wExME=
github.com/stretchr/testify v1.3.0/go.mod h1:M5WIy9Dh21IEIfnGCwXGc5bZfKNJtfHm1UVUgZn+9EI=
github.com/stretchr/testify v1.7.0/go.mod h1:6Fq8oRcR53rry900zMqJjRRixrwX3KX962/h/Wwjteg=
github.com/stretchr/testify v1.11.1 h1:7s2iGBzp5EwR7/aIZr8ao5+dra3wiQyKjjFuvgVKu7U=
github.com/stretchr/testify v1.11.1/go.mod h1:wZwfW3scLgRK+23gO65QZefKpKQRnfz6sD981Nm4B6U=
github.com/tidwall/gjson v1.18.0 h1:FIDeeyB800efLX89e5a8Y0BNH+LOngJyGrIWxG2FKQY=
github.com/tidwall/gjson v1.18.0/go.mod h1:/wbyibRr2FHMks5tjHJ5F8dMZh3AcwJEMf5vlfC0lxk=
github.com/tidwall/match v1.1.1 h1:+Ho715JplO36QYgwN9PGYNhgZvoUSc9X2c80KVTi+GA=
github.com/tidwall/match v1.1.1/go.mod h1:eRSPERbgtNPcGhD8UCthc6PmLEQXEWd3PRB5JTxsfmM=
github.com/tidwall/pretty v1.2.1 h1:qjsOFOWWQl+N3RsoF5/ssm1pHmJJwhjlSbZ51I6wMl4=
github.com/tidwall/pretty v1.2.1/go.mod h1:ITEVvHYasfjBbM0u2Pg8T2nJnzm8xPwvNhhsoaGGjNU=
github.com/tidwall/sjson v1.2.5 h1:kLy8mja+1c9jlljvWTlSazM7cKDRfJuR/bOJhcY5NcY=
github.com/tidwall/sjson v1.2.5/go.mod h1:Fvgq9kS/6ociJEDnK0Fk1cpYF4FIW6ZF7LAe+6jwd28=
go.yaml.in/yaml/v3 v3.0.4 h1:tfq32ie2Jv2UxXFdLJdh3jXuOzWiL1fo0bu/FbuKpbc=
go.yaml.in/yaml/v3 v3.0.4/go.mod h1:DhzuOOF2ATzADvBadXxruRBLzYTpT36CKvDb3+aBEFg=
golang.org/x/mod v0.35.0 h1:Ww1D637e6Pg+Zb2KrWfHQUnH2dQRLBQyAtpr/haaJeM=
golang.org/x/mod v0.35.0/go.mod h1:+GwiRhIInF8wPm+4AoT6L0FA1QWAad3OMdTRx4tFYlU=
golang.org/x/net v0.53.0 h1:d+qAbo5L0orcWAr0a9JweQpjXF19LMXJE8Ey7hwOdUA=
golang.org/x/net v0.53.0/go.mod h1:JvMuJH7rrdiCfbeHoo3fCQU24Lf5JJwT9W3sJFulfgs=
golang.org/x/sync v0.20.0 h1:e0PTpb7pjO8GAtTs2dQ6jYa5BWYlMuX047Dco/pItO4=
golang.org/x/sync v0.20.0/go.mod h1:9xrNwdLfx4jkKbNva9FpL6vEN7evnE43NNNJQ2LF3+0=
golang.org/x/sys v0.43.0 h1:Rlag2XtaFTxp19wS8MXlJwTvoh8ArU6ezoyFsMyCTNI=
golang.org/x/sys v0.43.0/go.mod h1:4GL1E5IUh+htKOUEOaiffhrAeqysfVGipDYzABqnCmw=
golang.org/x/text v0.36.0 h1:JfKh3XmcRPqZPKevfXVpI1wXPTqbkE5f7JA92a55Yxg=
golang.org/x/text v0.36.0/go.mod h1:NIdBknypM8iqVmPiuco0Dh6P5Jcdk8lJL0CUebqK164=
golang.org/x/tools v0.44.0 h1:UP4ajHPIcuMjT1GqzDWRlalUEoY+uzoZKnhOjbIPD2c=
golang.org/x/tools v0.44.0/go.mod h1:KA0AfVErSdxRZIsOVipbv3rQhVXTnlU6UhKxHd1seDI=
google.golang.org/protobuf v1.36.7 h1:IgrO7UwFQGJdRNXH/sQux4R1Dj1WAKcLElzeeRaXV2A=
google.golang.org/protobuf v1.36.7/go.mod h1:jduwjTPXsFjZGTmRluh+L6NjiWu7pchiJ2/5YcXBHnY=
gopkg.in/check.v1 v0.0.0-20161208181325-20d25e280405/go.mod h1:Co6ibVJAznAaIkqp8huTwlJQCZ016jof/cbN4VW5Yz0=
gopkg.in/check.v1 v1.0.0-20201130134442-10cb98267c6c h1:Hei/4ADfdWqJk1ZMxUNpqntNwaWcugrBjAiHlqqRiVk=
gopkg.in/check.v1 v1.0.0-20201130134442-10cb98267c6c/go.mod h1:JHkPIbrfpd72SG/EVd6muEfDQjcINNoR0C8j2r3qZ4Q=
gopkg.in/yaml.v3 v3.0.0-20200313102051-9f266ea9e77c/go.mod h1:K4uyk7z7BCEPqu6E+C64Yfv1cQ7kz7rIZviUmN+EgEM=
gopkg.in/yaml.v3 v3.0.1 h1:fxVm/GzAzEWqLHuvctI91KS9hhNmmWOoWu0XTYJS7CA=
gopkg.in/yaml.v3 v3.0.1/go.mod h1:K4uyk7z7BCEPqu6E+C64Yfv1cQ7kz7rIZviUmN+EgEM=
